
Microsoft Visual Studio Solution File, Format Version 12.00
# Visual Studio 15
VisualStudioVersion = 15.0.28307.168
MinimumVisualStudioVersion = 10.0.40219.1
Project("{8BC9CEB8-8B4A-11D0-8D11-00A0C91BC942}") = "clr3", "clr3\clr3.vcxproj", "{B88D1589-2D10-48A6-B5C6-42A7F602F39A}"
EndProject
Global
	GlobalSection(SolutionConfigurationPlatforms) = preSolution
		Debug|x64 = Debug|x64
		Debug|x86 = Debug|x86
		Release|x64 = Release|x64
		Release|x86 = Release|x86
	EndGlobalSection
	GlobalSection(ProjectConfigurationPlatforms) = postSolution
		{B88D1589-2D10-48A6-B5C6-42A7F602F39A}.Debug|x64.ActiveCfg = Debug|x64
		{B88D1589-2D10-48A6-B5C6-42A7F602F39A}.Debug|x64.Build.0 = Debug|x64
		{B88D1589-2D10-48A6-B5C6-42A7F602F39A}.Debug|x86.ActiveCfg = Debug|Win32
		{B88D1589-2D10-48A6-B5C6-42A7F602F39A}.Debug|x86.Build.0 = Debug|Win32
		{B88D1589-2D10-48A6-B5C6-42A7F602F39A}.Release|x64.ActiveCfg = Release|x64
		{B88D1589-2D10-48A6-B5C6-42A7F602F39A}.Release|x64.Build.0 = Release|x64
		{B88D1589-2D10-48A6-B5C6-42A7F602F39A}.Release|x86.ActiveCfg = Release|Win32
		{B88D1589-2D10-48A6-B5C6-42A7F602F39A}.Release|x86.Build.0 = Release|Win32
	EndGlobalSection
	GlobalSection(SolutionProperties) = preSolution
		HideSolutionNode = FALSE
	EndGlobalSection
	GlobalSection(ExtensibilityGlobals) = postSolution
		SolutionGuid = {9924FF7D-CDBD-435F-960D-269EB0C07685}
	EndGlobalSection
EndGlobal
